{
  "name": "new-events-final",
  "lockfileVersion": 3,
  "requires": true,
  "packages": {
    "": {
      "dependencies": {
        "leaflet-geosearch": "^4.2.2"
      }
    },
    "node_modules/@googlemaps/js-api-loader": {
      "version": "1.16.10",
      "resolved": "https://registry.npmjs.org/@googlemaps/js-api-loader/-/js-api-loader-1.16.10.tgz",
      "integrity": "sha512-c2erv2k7P2ilYzMmtYcMgAR21AULosQuUHJbStnrvRk2dG93k5cqptDrh9A8p+ZNlyhiqEOgHW7N9PAizdUM7Q==",
      "license": "Apache-2.0",
      "optional": true
    },
    "node_modules/leaflet": {
      "version": "1.9.4",
      "resolved": "https://registry.npmjs.org/leaflet/-/leaflet-1.9.4.tgz",
      "integrity": "sha512-nxS1ynzJOmOlHp+iL3FyWqK89GtNL8U8rvlMOsQdTTssxZwCXh8N2NB3GDQOL+YR3XnWyZAxwQixURb+FA74PA==",
      "license": "BSD-2-Clause",
      "optional": true
    },
    "node_modules/leaflet-geosearch": {
      "version": "4.2.2",
      "resolved": "https://registry.npmjs.org/leaflet-geosearch/-/leaflet-geosearch-4.2.2.tgz",
      "integrity": "sha512-847zdoX0SJcDCwPmbjO0C8ngPby14bYl7vfY4fLAKLi+AlIa2kWX2FXChu+kwzSQp45IF3buluS4YwbYITGkwA==",
      "license": "MIT",
      "optionalDependencies": {
        "@googlemaps/js-api-loader": "^1.16.6",
        "leaflet": "^1.6.0"
      }
    }
  }
}
